// !$*UTF8*$!
{
	archiveVersion = 1;
	classes = {
	};
	objectVersion = 77;
	objects = {

/* Begin PBXBuildFile section */
		66EC8AF22E15417E00C2C6E4 /* holepunch-history-sync Extension.appex in Embed Foundation Extensions */ = {isa = PBXBuildFile; fileRef = 66EC8AF12E15417E00C2C6E4 /* holepunch-history-sync Extension.appex */; settings = {ATTRIBUTES = (RemoveHeadersOnCopy, ); }; };
		66EC8AFC2E15417E00C2C6E4 /* holepunch-history-sync Extension.appex in Embed Foundation Extensions */ = {isa = PBXBuildFile; fileRef = 66EC8AFB2E15417E00C2C6E4 /* holepunch-history-sync Extension.appex */; settings = {ATTRIBUTES = (RemoveHeadersOnCopy, ); }; };
/* End PBXBuildFile section */

/* Begin PBXContainerItemProxy section */
		66EC8AF32E15417E00C2C6E4 /* PBXContainerItemProxy */ = {
			isa = PBXContainerItemProxy;
			containerPortal = 66EC8AB72E15417C00C2C6E4 /* Project object */;
			proxyType = 1;
			remoteGlobalIDString = 66EC8AF02E15417E00C2C6E4;
			remoteInfo = "holepunch-history-sync Extension (iOS)";
		};
		66EC8AFD2E15417E00C2C6E4 /* PBXContainerItemProxy */ = {
			isa = PBXContainerItemProxy;
			containerPortal = 66EC8AB72E15417C00C2C6E4 /* Project object */;
			proxyType = 1;
			remoteGlobalIDString = 66EC8AFA2E15417E00C2C6E4;
			remoteInfo = "holepunch-history-sync Extension (macOS)";
		};
/* End PBXContainerItemProxy section */

/* Begin PBXCopyFilesBuildPhase section */
		66EC8B252E15417E00C2C6E4 /* Embed Foundation Extensions */ = {
			isa = PBXCopyFilesBuildPhase;
			buildActionMask = 2147483647;
			dstPath = "";
			dstSubfolderSpec = 13;
			files = (
				66EC8AF22E15417E00C2C6E4 /* holepunch-history-sync Extension.appex in Embed Foundation Extensions */,
			);
			name = "Embed Foundation Extensions";
			runOnlyForDeploymentPostprocessing = 0;
		};
		66EC8B2F2E15417E00C2C6E4 /* Embed Foundation Extensions */ = {
			isa = PBXCopyFilesBuildPhase;
			buildActionMask = 2147483647;
			dstPath = "";
			dstSubfolderSpec = 13;
			files = (
				66EC8AFC2E15417E00C2C6E4 /* holepunch-history-sync Extension.appex in Embed Foundation Extensions */,
			);
			name = "Embed Foundation Extensions";
			runOnlyForDeploymentPostprocessing = 0;
		};
/* End PBXCopyFilesBuildPhase section */

/* Begin PBXFileReference section */
		66EC8AD32E15417E00C2C6E4 /* holepunch-history-sync.app */ = {isa = PBXFileReference; explicitFileType = wrapper.application; includeInIndex = 0; path = "holepunch-history-sync.app"; sourceTree = BUILT_PRODUCTS_DIR; };
		66EC8AE52E15417E00C2C6E4 /* holepunch-history-sync.app */ = {isa = PBXFileReference; explicitFileType = wrapper.application; includeInIndex = 0; path = "holepunch-history-sync.app"; sourceTree = BUILT_PRODUCTS_DIR; };
		66EC8AF12E15417E00C2C6E4 /* holepunch-history-sync Extension.appex */ = {isa = PBXFileReference; explicitFileType = "wrapper.app-extension"; includeInIndex = 0; path = "holepunch-history-sync Extension.appex"; sourceTree = BUILT_PRODUCTS_DIR; };
		66EC8AFB2E15417E00C2C6E4 /* holepunch-history-sync Extension.appex */ = {isa = PBXFileReference; explicitFileType = "wrapper.app-extension"; includeInIndex = 0; path = "holepunch-history-sync Extension.appex"; sourceTree = BUILT_PRODUCTS_DIR; };
/* End PBXFileReference section */

/* Begin PBXFileSystemSynchronizedBuildFileExceptionSet section */
		66EC8B202E15417E00C2C6E4 /* Exceptions for "Shared (App)" folder in "holepunch-history-sync (iOS)" target */ = {
			isa = PBXFileSystemSynchronizedBuildFileExceptionSet;
			membershipExceptions = (
				"/Localized: Resources/Main.html",
				Assets.xcassets,
				Resources/Icon.png,
				Resources/Script.js,
				Resources/Style.css,
				ViewController.swift,
			);
			target = 66EC8AD22E15417E00C2C6E4 /* holepunch-history-sync (iOS) */;
		};
		66EC8B242E15417E00C2C6E4 /* Exceptions for "iOS (Extension)" folder in "holepunch-history-sync Extension (iOS)" target */ = {
			isa = PBXFileSystemSynchronizedBuildFileExceptionSet;
			membershipExceptions = (
				Info.plist,
			);
			target = 66EC8AF02E15417E00C2C6E4 /* holepunch-history-sync Extension (iOS) */;
		};
		66EC8B292E15417E00C2C6E4 /* Exceptions for "iOS (App)" folder in "holepunch-history-sync (iOS)" target */ = {
			isa = PBXFileSystemSynchronizedBuildFileExceptionSet;
			membershipExceptions = (
				Info.plist,
			);
			target = 66EC8AD22E15417E00C2C6E4 /* holepunch-history-sync (iOS) */;
		};
		66EC8B2A2E15417E00C2C6E4 /* Exceptions for "Shared (App)" folder in "holepunch-history-sync (macOS)" target */ = {
			isa = PBXFileSystemSynchronizedBuildFileExceptionSet;
			membershipExceptions = (
				"/Localized: Resources/Main.html",
				Assets.xcassets,
				Resources/Icon.png,
				Resources/Script.js,
				Resources/Style.css,
				ViewController.swift,
			);
			target = 66EC8AE42E15417E00C2C6E4 /* holepunch-history-sync (macOS) */;
		};
		66EC8B2E2E15417E00C2C6E4 /* Exceptions for "macOS (Extension)" folder in "holepunch-history-sync Extension (macOS)" target */ = {
			isa = PBXFileSystemSynchronizedBuildFileExceptionSet;
			membershipExceptions = (
				Info.plist,
			);
			target = 66EC8AFA2E15417E00C2C6E4 /* holepunch-history-sync Extension (macOS) */;
		};
		66EC8B332E15417E00C2C6E4 /* Exceptions for "Shared (Extension)" folder in "holepunch-history-sync Extension (iOS)" target */ = {
			isa = PBXFileSystemSynchronizedBuildFileExceptionSet;
			membershipExceptions = (
				Resources/_locales,
				Resources/background.js,
				Resources/content.js,
				Resources/images,
				Resources/manifest.json,
				Resources/popup.css,
				Resources/popup.html,
				Resources/popup.js,
				SafariWebExtensionHandler.swift,
			);
			target = 66EC8AF02E15417E00C2C6E4 /* holepunch-history-sync Extension (iOS) */;
		};
		66EC8B342E15417E00C2C6E4 /* Exceptions for "Shared (Extension)" folder in "holepunch-history-sync Extension (macOS)" target */ = {
			isa = PBXFileSystemSynchronizedBuildFileExceptionSet;
			membershipExceptions = (
				Resources/_locales,
				Resources/background.js,
				Resources/content.js,
				Resources/images,
				Resources/manifest.json,
				Resources/popup.css,
				Resources/popup.html,
				Resources/popup.js,
				SafariWebExtensionHandler.swift,
			);
			target = 66EC8AFA2E15417E00C2C6E4 /* holepunch-history-sync Extension (macOS) */;
		};
/* End PBXFileSystemSynchronizedBuildFileExceptionSet section */

/* Begin PBXFileSystemSynchronizedRootGroup section */
		66EC8ABB2E15417C00C2C6E4 /* Shared (App) */ = {
			isa = PBXFileSystemSynchronizedRootGroup;
			exceptions = (
				66EC8B202E15417E00C2C6E4 /* Exceptions for "Shared (App)" folder in "holepunch-history-sync (iOS)" target */,
				66EC8B2A2E15417E00C2C6E4 /* Exceptions for "Shared (App)" folder in "holepunch-history-sync (macOS)" target */,
			);
			path = "Shared (App)";
			sourceTree = "<group>";
		};
		66EC8AC42E15417E00C2C6E4 /* Shared (Extension) */ = {
			isa = PBXFileSystemSynchronizedRootGroup;
			exceptions = (
				66EC8B332E15417E00C2C6E4 /* Exceptions for "Shared (Extension)" folder in "holepunch-history-sync Extension (iOS)" target */,
				66EC8B342E15417E00C2C6E4 /* Exceptions for "Shared (Extension)" folder in "holepunch-history-sync Extension (macOS)" target */,
			);
			explicitFolders = (
				Resources/_locales,
				Resources/images,
			);
			path = "Shared (Extension)";
			sourceTree = "<group>";
		};
		66EC8AD52E15417E00C2C6E4 /* iOS (App) */ = {
			isa = PBXFileSystemSynchronizedRootGroup;
			exceptions = (
				66EC8B292E15417E00C2C6E4 /* Exceptions for "iOS (App)" folder in "holepunch-history-sync (iOS)" target */,
			);
			path = "iOS (App)";
			sourceTree = "<group>";
		};
		66EC8AE62E15417E00C2C6E4 /* macOS (App) */ = {
			isa = PBXFileSystemSynchronizedRootGroup;
			path = "macOS (App)";
			sourceTree = "<group>";
		};
		66EC8AF52E15417E00C2C6E4 /* iOS (Extension) */ = {
			isa = PBXFileSystemSynchronizedRootGroup;
			exceptions = (
				66EC8B242E15417E00C2C6E4 /* Exceptions for "iOS (Extension)" folder in "holepunch-history-sync Extension (iOS)" target */,
			);
			path = "iOS (Extension)";
			sourceTree = "<group>";
		};
		66EC8AFF2E15417E00C2C6E4 /* macOS (Extension) */ = {
			isa = PBXFileSystemSynchronizedRootGroup;
			exceptions = (
				66EC8B2E2E15417E00C2C6E4 /* Exceptions for "macOS (Extension)" folder in "holepunch-history-sync Extension (macOS)" target */,
			);
			path = "macOS (Extension)";
			sourceTree = "<group>";
		};
/* End PBXFileSystemSynchronizedRootGroup section */

/* Begin PBXFrameworksBuildPhase section */
		66EC8AD02E15417E00C2C6E4 /* Frameworks */ = {
			isa = PBXFrameworksBuildPhase;
			buildActionMask = 2147483647;
			files = (
			);
			runOnlyForDeploymentPostprocessing = 0;
		};
		66EC8AE22E15417E00C2C6E4 /* Frameworks */ = {
			isa = PBXFrameworksBuildPhase;
			buildActionMask = 2147483647;
			files = (
			);
			runOnlyForDeploymentPostprocessing = 0;
		};
		66EC8AEE2E15417E00C2C6E4 /* Frameworks */ = {
			isa = PBXFrameworksBuildPhase;
			buildActionMask = 2147483647;
			files = (
			);
			runOnlyForDeploymentPostprocessing = 0;
		};
		66EC8AF82E15417E00C2C6E4 /* Frameworks */ = {
			isa = PBXFrameworksBuildPhase;
			buildActionMask = 2147483647;
			files = (
			);
			runOnlyForDeploymentPostprocessing = 0;
		};
/* End PBXFrameworksBuildPhase section */

/* Begin PBXGroup section */
		66EC8AB62E15417C00C2C6E4 = {
			isa = PBXGroup;
			children = (
				66EC8ABB2E15417C00C2C6E4 /* Shared (App) */,
				66EC8AC42E15417E00C2C6E4 /* Shared (Extension) */,
				66EC8AD52E15417E00C2C6E4 /* iOS (App) */,
				66EC8AE62E15417E00C2C6E4 /* macOS (App) */,
				66EC8AF52E15417E00C2C6E4 /* iOS (Extension) */,
				66EC8AFF2E15417E00C2C6E4 /* macOS (Extension) */,
				66EC8AD42E15417E00C2C6E4 /* Products */,
			);
			sourceTree = "<group>";
		};
		66EC8AD42E15417E00C2C6E4 /* Products */ = {
			isa = PBXGroup;
			children = (
				66EC8AD32E15417E00C2C6E4 /* holepunch-history-sync.app */,
				66EC8AE52E15417E00C2C6E4 /* holepunch-history-sync.app */,
				66EC8AF12E15417E00C2C6E4 /* holepunch-history-sync Extension.appex */,
				66EC8AFB2E15417E00C2C6E4 /* holepunch-history-sync Extension.appex */,
			);
			name = Products;
			sourceTree = "<group>";
		};
/* End PBXGroup section */

/* Begin PBXNativeTarget section */
		66EC8AD22E15417E00C2C6E4 /* holepunch-history-sync (iOS) */ = {
			isa = PBXNativeTarget;
			buildConfigurationList = 66EC8B262E15417E00C2C6E4 /* Build configuration list for PBXNativeTarget "holepunch-history-sync (iOS)" */;
			buildPhases = (
				66EC8ACF2E15417E00C2C6E4 /* Sources */,
				66EC8AD02E15417E00C2C6E4 /* Frameworks */,
				66EC8AD12E15417E00C2C6E4 /* Resources */,
				66EC8B252E15417E00C2C6E4 /* Embed Foundation Extensions */,
			);
			buildRules = (
			);
			dependencies = (
				66EC8AF42E15417E00C2C6E4 /* PBXTargetDependency */,
			);
			fileSystemSynchronizedGroups = (
				66EC8AD52E15417E00C2C6E4 /* iOS (App) */,
			);
			name = "holepunch-history-sync (iOS)";
			packageProductDependencies = (
			);
			productName = "holepunch-history-sync (iOS)";
			productReference = 66EC8AD32E15417E00C2C6E4 /* holepunch-history-sync.app */;
			productType = "com.apple.product-type.application";
		};
		66EC8AE42E15417E00C2C6E4 /* holepunch-history-sync (macOS) */ = {
			isa = PBXNativeTarget;
			buildConfigurationList = 66EC8B302E15417E00C2C6E4 /* Build configuration list for PBXNativeTarget "holepunch-history-sync (macOS)" */;
			buildPhases = (
				66EC8AE12E15417E00C2C6E4 /* Sources */,
				66EC8AE22E15417E00C2C6E4 /* Frameworks */,
				66EC8AE32E15417E00C2C6E4 /* Resources */,
				66EC8B2F2E15417E00C2C6E4 /* Embed Foundation Extensions */,
			);
			buildRules = (
			);
			dependencies = (
				66EC8AFE2E15417E00C2C6E4 /* PBXTargetDependency */,
			);
			fileSystemSynchronizedGroups = (
				66EC8AE62E15417E00C2C6E4 /* macOS (App) */,
			);
			name = "holepunch-history-sync (macOS)";
			packageProductDependencies = (
			);
			productName = "holepunch-history-sync (macOS)";
			productReference = 66EC8AE52E15417E00C2C6E4 /* holepunch-history-sync.app */;
			productType = "com.apple.product-type.application";
		};
		66EC8AF02E15417E00C2C6E4 /* holepunch-history-sync Extension (iOS) */ = {
			isa = PBXNativeTarget;
			buildConfigurationList = 66EC8B212E15417E00C2C6E4 /* Build configuration list for PBXNativeTarget "holepunch-history-sync Extension (iOS)" */;
			buildPhases = (
				66EC8AED2E15417E00C2C6E4 /* Sources */,
				66EC8AEE2E15417E00C2C6E4 /* Frameworks */,
				66EC8AEF2E15417E00C2C6E4 /* Resources */,
			);
			buildRules = (
			);
			dependencies = (
			);
			fileSystemSynchronizedGroups = (
				66EC8AF52E15417E00C2C6E4 /* iOS (Extension) */,
			);
			name = "holepunch-history-sync Extension (iOS)";
			packageProductDependencies = (
			);
			productName = "holepunch-history-sync Extension (iOS)";
			productReference = 66EC8AF12E15417E00C2C6E4 /* holepunch-history-sync Extension.appex */;
			productType = "com.apple.product-type.app-extension";
		};
		66EC8AFA2E15417E00C2C6E4 /* holepunch-history-sync Extension (macOS) */ = {
			isa = PBXNativeTarget;
			buildConfigurationList = 66EC8B2B2E15417E00C2C6E4 /* Build configuration list for PBXNativeTarget "holepunch-history-sync Extension (macOS)" */;
			buildPhases = (
				66EC8AF72E15417E00C2C6E4 /* Sources */,
				66EC8AF82E15417E00C2C6E4 /* Frameworks */,
				66EC8AF92E15417E00C2C6E4 /* Resources */,
			);
			buildRules = (
			);
			dependencies = (
			);
			fileSystemSynchronizedGroups = (
				66EC8AFF2E15417E00C2C6E4 /* macOS (Extension) */,
			);
			name = "holepunch-history-sync Extension (macOS)";
			packageProductDependencies = (
			);
			productName = "holepunch-history-sync Extension (macOS)";
			productReference = 66EC8AFB2E15417E00C2C6E4 /* holepunch-history-sync Extension.appex */;
			productType = "com.apple.product-type.app-extension";
		};
/* End PBXNativeTarget section */

/* Begin PBXProject section */
		66EC8AB72E15417C00C2C6E4 /* Project object */ = {
			isa = PBXProject;
			attributes = {
				BuildIndependentTargetsInParallel = 1;
				LastSwiftUpdateCheck = 1640;
				LastUpgradeCheck = 1640;
				TargetAttributes = {
					66EC8AD22E15417E00C2C6E4 = {
						CreatedOnToolsVersion = 16.4;
					};
					66EC8AE42E15417E00C2C6E4 = {
						CreatedOnToolsVersion = 16.4;
					};
					66EC8AF02E15417E00C2C6E4 = {
						CreatedOnToolsVersion = 16.4;
					};
					66EC8AFA2E15417E00C2C6E4 = {
						CreatedOnToolsVersion = 16.4;
					};
				};
			};
			buildConfigurationList = 66EC8ABA2E15417C00C2C6E4 /* Build configuration list for PBXProject "holepunch-history-sync" */;
			developmentRegion = en;
			hasScannedForEncodings = 0;
			knownRegions = (
				en,
				Base,
			);
			mainGroup = 66EC8AB62E15417C00C2C6E4;
			minimizedProjectReferenceProxies = 1;
			preferredProjectObjectVersion = 77;
			productRefGroup = 66EC8AD42E15417E00C2C6E4 /* Products */;
			projectDirPath = "";
			projectRoot = "";
			targets = (
				66EC8AD22E15417E00C2C6E4 /* holepunch-history-sync (iOS) */,
				66EC8AE42E15417E00C2C6E4 /* holepunch-history-sync (macOS) */,
				66EC8AF02E15417E00C2C6E4 /* holepunch-history-sync Extension (iOS) */,
				66EC8AFA2E15417E00C2C6E4 /* holepunch-history-sync Extension (macOS) */,
			);
		};
/* End PBXProject section */

/* Begin PBXResourcesBuildPhase section */
		66EC8AD12E15417E00C2C6E4 /* Resources */ = {
			isa = PBXResourcesBuildPhase;
			buildActionMask = 2147483647;
			files = (
			);
			runOnlyForDeploymentPostprocessing = 0;
		};
		66EC8AE32E15417E00C2C6E4 /* Resources */ = {
			isa = PBXResourcesBuildPhase;
			buildActionMask = 2147483647;
			files = (
			);
			runOnlyForDeploymentPostprocessing = 0;
		};
		66EC8AEF2E15417E00C2C6E4 /* Resources */ = {
			isa = PBXResourcesBuildPhase;
			buildActionMask = 2147483647;
			files = (
			);
			runOnlyForDeploymentPostprocessing = 0;
		};
		66EC8AF92E15417E00C2C6E4 /* Resources */ = {
			isa = PBXResourcesBuildPhase;
			buildActionMask = 2147483647;
			files = (
			);
			runOnlyForDeploymentPostprocessing = 0;
		};
/* End PBXResourcesBuildPhase section */

/* Begin PBXSourcesBuildPhase section */
		66EC8ACF2E15417E00C2C6E4 /* Sources */ = {
			isa = PBXSourcesBuildPhase;
			buildActionMask = 2147483647;
			files = (
			);
			runOnlyForDeploymentPostprocessing = 0;
		};
		66EC8AE12E15417E00C2C6E4 /* Sources */ = {
			isa = PBXSourcesBuildPhase;
			buildActionMask = 2147483647;
			files = (
			);
			runOnlyForDeploymentPostprocessing = 0;
		};
		66EC8AED2E15417E00C2C6E4 /* Sources */ = {
			isa = PBXSourcesBuildPhase;
			buildActionMask = 2147483647;
			files = (
			);
			runOnlyForDeploymentPostprocessing = 0;
		};
		66EC8AF72E15417E00C2C6E4 /* Sources */ = {
			isa = PBXSourcesBuildPhase;
			buildActionMask = 2147483647;
			files = (
			);
			runOnlyForDeploymentPostprocessing = 0;
		};
/* End PBXSourcesBuildPhase section */

/* Begin PBXTargetDependency section */
		66EC8AF42E15417E00C2C6E4 /* PBXTargetDependency */ = {
			isa = PBXTargetDependency;
			target = 66EC8AF02E15417E00C2C6E4 /* holepunch-history-sync Extension (iOS) */;
			targetProxy = 66EC8AF32E15417E00C2C6E4 /* PBXContainerItemProxy */;
		};
		66EC8AFE2E15417E00C2C6E4 /* PBXTargetDependency */ = {
			isa = PBXTargetDependency;
			target = 66EC8AFA2E15417E00C2C6E4 /* holepunch-history-sync Extension (macOS) */;
			targetProxy = 66EC8AFD2E15417E00C2C6E4 /* PBXContainerItemProxy */;
		};
/* End PBXTargetDependency section */

/* Begin XCBuildConfiguration section */
		66EC8B222E15417E00C2C6E4 /* Debug */ = {
			isa = XCBuildConfiguration;
			buildSettings = {
				CODE_SIGN_STYLE = Automatic;
				CURRENT_PROJECT_VERSION = 1;
				DEVELOPMENT_TEAM = 2858MX5336;
				GENERATE_INFOPLIST_FILE = YES;
				INFOPLIST_FILE = "iOS (Extension)/Info.plist";
				INFOPLIST_KEY_CFBundleDisplayName = "holepunch-history-sync Extension";
				INFOPLIST_KEY_NSHumanReadableCopyright = "";
				IPHONEOS_DEPLOYMENT_TARGET = 15.0;
				LD_RUNPATH_SEARCH_PATHS = (
					"$(inherited)",
					"@executable_path/Frameworks",
					"@executable_path/../../Frameworks",
				);
				MARKETING_VERSION = 1.0;
				OTHER_LDFLAGS = (
					"-framework",
					SafariServices,
				);
				PRODUCT_BUNDLE_IDENTIFIER = "xyz.ttt246.holepunch-history-sync.Extension";
				PRODUCT_NAME = "holepunch-history-sync Extension";
				SDKROOT = iphoneos;
				SKIP_INSTALL = YES;
				SWIFT_EMIT_LOC_STRINGS = YES;
				SWIFT_VERSION = 5.0;
				TARGETED_DEVICE_FAMILY = "1,2";
			};
			name = Debug;
		};
		66EC8B232E15417E00C2C6E4 /* Release */ = {
			isa = XCBuildConfiguration;
			buildSettings = {
				CODE_SIGN_STYLE = Automatic;
				CURRENT_PROJECT_VERSION = 1;
				DEVELOPMENT_TEAM = 2858MX5336;
				GENERATE_INFOPLIST_FILE = YES;
				INFOPLIST_FILE = "iOS (Extension)/Info.plist";
				INFOPLIST_KEY_CFBundleDisplayName = "holepunch-history-sync Extension";
				INFOPLIST_KEY_NSHumanReadableCopyright = "";
				IPHONEOS_DEPLOYMENT_TARGET = 15.0;
				LD_RUNPATH_SEARCH_PATHS = (
					"$(inherited)",
					"@executable_path/Frameworks",
					"@executable_path/../../Frameworks",
				);
				MARKETING_VERSION = 1.0;
				OTHER_LDFLAGS = (
					"-framework",
					SafariServices,
				);
				PRODUCT_BUNDLE_IDENTIFIER = "xyz.ttt246.holepunch-history-sync.Extension";
				PRODUCT_NAME = "holepunch-history-sync Extension";
				SDKROOT = iphoneos;
				SKIP_INSTALL = YES;
				SWIFT_EMIT_LOC_STRINGS = YES;
				SWIFT_VERSION = 5.0;
				TARGETED_DEVICE_FAMILY = "1,2";
				VALIDATE_PRODUCT = YES;
			};
			name = Release;
		};
		66EC8B272E15417E00C2C6E4 /* Debug */ = {
			isa = XCBuildConfiguration;
			buildSettings = {
				ASSETCATALOG_COMPILER_APPICON_NAME = AppIcon;
				ASSETCATALOG_COMPILER_GLOBAL_ACCENT_COLOR_NAME = AccentColor;
				CODE_SIGN_STYLE = Automatic;
				CURRENT_PROJECT_VERSION = 1;
				DEVELOPMENT_TEAM = 2858MX5336;
				GENERATE_INFOPLIST_FILE = YES;
				INFOPLIST_FILE = "iOS (App)/Info.plist";
				INFOPLIST_KEY_CFBundleDisplayName = "holepunch-history-sync";
				INFOPLIST_KEY_UIApplicationSupportsIndirectInputEvents = YES;
				INFOPLIST_KEY_UILaunchStoryboardName = LaunchScreen;
				INFOPLIST_KEY_UIMainStoryboardFile = Main;
				INFOPLIST_KEY_UISupportedInterfaceOrientations = "UIInterfaceOrientationPortrait UIInterfaceOrientationLandscapeLeft UIInterfaceOrientationLandscapeRight";
				INFOPLIST_KEY_UISupportedInterfaceOrientations_iPad = "UIInterfaceOrientationPortrait UIInterfaceOrientationPortraitUpsideDown UIInterfaceOrientationLandscapeLeft UIInterfaceOrientationLandscapeRight";
				IPHONEOS_DEPLOYMENT_TARGET = 15.0;
				LD_RUNPATH_SEARCH_PATHS = (
					"$(inherited)",
					"@executable_path/Frameworks",
				);
				MARKETING_VERSION = 1.0;
				OTHER_LDFLAGS = (
					"-framework",
					SafariServices,
					"-framework",
					WebKit,
				);
				PRODUCT_BUNDLE_IDENTIFIER = "xyz.ttt246.holepunch-history-sync";
				PRODUCT_NAME = "holepunch-history-sync";
				SDKROOT = iphoneos;
				SWIFT_EMIT_LOC_STRINGS = YES;
				SWIFT_VERSION = 5.0;
				TARGETED_DEVICE_FAMILY = "1,2";
			};
			name = Debug;
		};
		66EC8B282E15417E00C2C6E4 /* Release */ = {
			isa = XCBuildConfiguration;
			buildSettings = {
				ASSETCATALOG_COMPILER_APPICON_NAME = AppIcon;
				ASSETCATALOG_COMPILER_GLOBAL_ACCENT_COLOR_NAME = AccentColor;
				CODE_SIGN_STYLE = Automatic;
				CURRENT_PROJECT_VERSION = 1;
				DEVELOPMENT_TEAM = 2858MX5336;
				GENERATE_INFOPLIST_FILE = YES;
				INFOPLIST_FILE = "iOS (App)/Info.plist";
				INFOPLIST_KEY_CFBundleDisplayName = "holepunch-history-sync";
				INFOPLIST_KEY_UIApplicationSupportsIndirectInputEvents = YES;
				INFOPLIST_KEY_UILaunchStoryboardName = LaunchScreen;
				INFOPLIST_KEY_UIMainStoryboardFile = Main;
				INFOPLIST_KEY_UISupportedInterfaceOrientations = "UIInterfaceOrientationPortrait UIInterfaceOrientationLandscapeLeft UIInterfaceOrientationLandscapeRight";
				INFOPLIST_KEY_UISupportedInterfaceOrientations_iPad = "UIInterfaceOrientationPortrait UIInterfaceOrientationPortraitUpsideDown UIInterfaceOrientationLandscapeLeft UIInterfaceOrientationLandscapeRight";
				IPHONEOS_DEPLOYMENT_TARGET = 15.0;
				LD_RUNPATH_SEARCH_PATHS = (
					"$(inherited)",
					"@executable_path/Frameworks",
				);
				MARKETING_VERSION = 1.0;
				OTHER_LDFLAGS = (
					"-framework",
					SafariServices,
					"-framework",
					WebKit,
				);
				PRODUCT_BUNDLE_IDENTIFIER = "xyz.ttt246.holepunch-history-sync";
				PRODUCT_NAME = "holepunch-history-sync";
				SDKROOT = iphoneos;
				SWIFT_EMIT_LOC_STRINGS = YES;
				SWIFT_VERSION = 5.0;
				TARGETED_DEVICE_FAMILY = "1,2";
				VALIDATE_PRODUCT = YES;
			};
			name = Release;
		};
		66EC8B2C2E15417E00C2C6E4 /* Debug */ = {
			isa = XCBuildConfiguration;
			buildSettings = {
				CODE_SIGN_ENTITLEMENTS = "macOS (Extension)/holepunch-history-sync.entitlements";
				CODE_SIGN_STYLE = Automatic;
				CURRENT_PROJECT_VERSION = 1;
				DEVELOPMENT_TEAM = 2858MX5336;
				ENABLE_HARDENED_RUNTIME = YES;
				GENERATE_INFOPLIST_FILE = YES;
				INFOPLIST_FILE = "macOS (Extension)/Info.plist";
				INFOPLIST_KEY_CFBundleDisplayName = "holepunch-history-sync Extension";
				INFOPLIST_KEY_NSHumanReadableCopyright = "";
				LD_RUNPATH_SEARCH_PATHS = (
					"$(inherited)",
					"@executable_path/../Frameworks",
					"@executable_path/../../../../Frameworks",
				);
				MACOSX_DEPLOYMENT_TARGET = 10.14;
				MARKETING_VERSION = 1.0;
				OTHER_LDFLAGS = (
					"-framework",
					SafariServices,
				);
				PRODUCT_BUNDLE_IDENTIFIER = "xyz.ttt246.holepunch-history-sync.Extension";
				PRODUCT_NAME = "holepunch-history-sync Extension";
				SDKROOT = macosx;
				SKIP_INSTALL = YES;
				SWIFT_EMIT_LOC_STRINGS = YES;
				SWIFT_VERSION = 5.0;
			};
			name = Debug;
		};
		66EC8B2D2E15417E00C2C6E4 /* Release */ = {
			isa = XCBuildConfiguration;
			buildSettings = {
				CODE_SIGN_ENTITLEMENTS = "macOS (Extension)/holepunch-history-sync.entitlements";
				CODE_SIGN_STYLE = Automatic;
				CURRENT_PROJECT_VERSION = 1;
				DEVELOPMENT_TEAM = 2858MX5336;
				ENABLE_HARDENED_RUNTIME = YES;
				GENERATE_INFOPLIST_FILE = YES;
				INFOPLIST_FILE = "macOS (Extension)/Info.plist";
				INFOPLIST_KEY_CFBundleDisplayName = "holepunch-history-sync Extension";
				INFOPLIST_KEY_NSHumanReadableCopyright = "";
				LD_RUNPATH_SEARCH_PATHS = (
					"$(inherited)",
					"@executable_path/../Frameworks",
					"@executable_path/../../../../Frameworks",
				);
				MACOSX_DEPLOYMENT_TARGET = 10.14;
				MARKETING_VERSION = 1.0;
				OTHER_LDFLAGS = (
					"-framework",
					SafariServices,
				);
				PRODUCT_BUNDLE_IDENTIFIER = "xyz.ttt246.holepunch-history-sync.Extension";
				PRODUCT_NAME = "holepunch-history-sync Extension";
				SDKROOT = macosx;
				SKIP_INSTALL = YES;
				SWIFT_EMIT_LOC_STRINGS = YES;
				SWIFT_VERSION = 5.0;
			};
			name = Release;
		};
		66EC8B312E15417E00C2C6E4 /* Debug */ = {
			isa = XCBuildConfiguration;
			buildSettings = {
				ASSETCATALOG_COMPILER_APPICON_NAME = AppIcon;
				ASSETCATALOG_COMPILER_GLOBAL_ACCENT_COLOR_NAME = AccentColor;
				CODE_SIGN_ENTITLEMENTS = "macOS (App)/holepunch-history-sync.entitlements";
				CODE_SIGN_STYLE = Automatic;
				CURRENT_PROJECT_VERSION = 1;
				DEVELOPMENT_TEAM = 2858MX5336;
				ENABLE_HARDENED_RUNTIME = YES;
				GENERATE_INFOPLIST_FILE = YES;
				INFOPLIST_KEY_CFBundleDisplayName = "holepunch-history-sync";
				INFOPLIST_KEY_NSMainStoryboardFile = Main;
				INFOPLIST_KEY_NSPrincipalClass = NSApplication;
				LD_RUNPATH_SEARCH_PATHS = (
					"$(inherited)",
					"@executable_path/../Frameworks",
				);
				MACOSX_DEPLOYMENT_TARGET = 10.14;
				MARKETING_VERSION = 1.0;
				OTHER_LDFLAGS = (
					"-framework",
					SafariServices,
					"-framework",
					WebKit,
				);
				PRODUCT_BUNDLE_IDENTIFIER = "xyz.ttt246.holepunch-history-sync";
				PRODUCT_NAME = "holepunch-history-sync";
				REGISTER_APP_GROUPS = YES;
				SDKROOT = macosx;
				SWIFT_EMIT_LOC_STRINGS = YES;
				SWIFT_VERSION = 5.0;
			};
			name = Debug;
		};
		66EC8B322E15417E00C2C6E4 /* Release */ = {
			isa = XCBuildConfiguration;
			buildSettings = {
				ASSETCATALOG_COMPILER_APPICON_NAME = AppIcon;
				ASSETCATALOG_COMPILER_GLOBAL_ACCENT_COLOR_NAME = AccentColor;
				CODE_SIGN_ENTITLEMENTS = "macOS (App)/holepunch-history-sync.entitlements";
				CODE_SIGN_STYLE = Automatic;
				CURRENT_PROJECT_VERSION = 1;
				DEVELOPMENT_TEAM = 2858MX5336;
				ENABLE_HARDENED_RUNTIME = YES;
				GENERATE_INFOPLIST_FILE = YES;
				INFOPLIST_KEY_CFBundleDisplayName = "holepunch-history-sync";
				INFOPLIST_KEY_NSMainStoryboardFile = Main;
				INFOPLIST_KEY_NSPrincipalClass = NSApplication;
				LD_RUNPATH_SEARCH_PATHS = (
					"$(inherited)",
					"@executable_path/../Frameworks",
				);
				MACOSX_DEPLOYMENT_TARGET = 10.14;
				MARKETING_VERSION = 1.0;
				OTHER_LDFLAGS = (
					"-framework",
					SafariServices,
					"-framework",
					WebKit,
				);
				PRODUCT_BUNDLE_IDENTIFIER = "xyz.ttt246.holepunch-history-sync";
				PRODUCT_NAME = "holepunch-history-sync";
				REGISTER_APP_GROUPS = YES;
				SDKROOT = macosx;
				SWIFT_EMIT_LOC_STRINGS = YES;
				SWIFT_VERSION = 5.0;
			};
			name = Release;
		};
		66EC8B352E15417E00C2C6E4 /* Debug */ = {
			isa = XCBuildConfiguration;
			buildSettings = {
				ALWAYS_SEARCH_USER_PATHS = NO;
				ASSETCATALOG_COMPILER_GENERATE_SWIFT_ASSET_SYMBOL_EXTENSIONS = YES;
				CLANG_ANALYZER_NONNULL = YES;
				CLANG_ANALYZER_NUMBER_OBJECT_CONVERSION = YES_AGGRESSIVE;
				CLANG_CXX_LANGUAGE_STANDARD = "gnu++20";
				CLANG_ENABLE_MODULES = YES;
				CLANG_ENABLE_OBJC_ARC = YES;
				CLANG_ENABLE_OBJC_WEAK = YES;
				CLANG_WARN_BLOCK_CAPTURE_AUTORELEASING = YES;
				CLANG_WARN_BOOL_CONVERSION = YES;
				CLANG_WARN_COMMA = YES;
				CLANG_WARN_CONSTANT_CONVERSION = YES;
				CLANG_WARN_DEPRECATED_OBJC_IMPLEMENTATIONS = YES;
				CLANG_WARN_DIRECT_OBJC_ISA_USAGE = YES_ERROR;
				CLANG_WARN_DOCUMENTATION_COMMENTS = YES;
				CLANG_WARN_EMPTY_BODY = YES;
				CLANG_WARN_ENUM_CONVERSION = YES;
				CLANG_WARN_INFINITE_RECURSION = YES;
				CLANG_WARN_INT_CONVERSION = YES;
				CLANG_WARN_NON_LITERAL_NULL_CONVERSION = YES;
				CLANG_WARN_OBJC_IMPLICIT_RETAIN_SELF = YES;
				CLANG_WARN_OBJC_LITERAL_CONVERSION = YES;
				CLANG_WARN_OBJC_ROOT_CLASS = YES_ERROR;
				CLANG_WARN_QUOTED_INCLUDE_IN_FRAMEWORK_HEADER = YES;
				CLANG_WARN_RANGE_LOOP_ANALYSIS = YES;
				CLANG_WARN_STRICT_PROTOTYPES = YES;
				CLANG_WARN_SUSPICIOUS_MOVE = YES;
				CLANG_WARN_UNGUARDED_AVAILABILITY = YES_AGGRESSIVE;
				CLANG_WARN_UNREACHABLE_CODE = YES;
				CLANG_WARN__DUPLICATE_METHOD_MATCH = YES;
				COPY_PHASE_STRIP = NO;
				DEBUG_INFORMATION_FORMAT = dwarf;
				DEVELOPMENT_TEAM = 2858MX5336;
				ENABLE_STRICT_OBJC_MSGSEND = YES;
				ENABLE_TESTABILITY = YES;
				ENABLE_USER_SCRIPT_SANDBOXING = YES;
				GCC_C_LANGUAGE_STANDARD = gnu17;
				GCC_DYNAMIC_NO_PIC = NO;
				GCC_NO_COMMON_BLOCKS = YES;
				GCC_OPTIMIZATION_LEVEL = 0;
				GCC_PREPROCESSOR_DEFINITIONS = (
					"DEBUG=1",
					"$(inherited)",
				);
				GCC_WARN_64_TO_32_BIT_CONVERSION = YES;
				GCC_WARN_ABOUT_RETURN_TYPE = YES_ERROR;
				GCC_WARN_UNDECLARED_SELECTOR = YES;
				GCC_WARN_UNINITIALIZED_AUTOS = YES_AGGRESSIVE;
				GCC_WARN_UNUSED_FUNCTION = YES;
				GCC_WARN_UNUSED_VARIABLE = YES;
				LOCALIZATION_PREFERS_STRING_CATALOGS = YES;
				MTL_ENABLE_DEBUG_INFO = INCLUDE_SOURCE;
				MTL_FAST_MATH = YES;
				ONLY_ACTIVE_ARCH = YES;
				SWIFT_ACTIVE_COMPILATION_CONDITIONS = "DEBUG $(inherited)";
				SWIFT_OPTIMIZATION_LEVEL = "-Onone";
			};
			name = Debug;
		};
		66EC8B362E15417E00C2C6E4 /* Release */ = {
			isa = XCBuildConfiguration;
			buildSettings = {
				ALWAYS_SEARCH_USER_PATHS = NO;
				ASSETCATALOG_COMPILER_GENERATE_SWIFT_ASSET_SYMBOL_EXTENSIONS = YES;
				CLANG_ANALYZER_NONNULL = YES;
				CLANG_ANALYZER_NUMBER_OBJECT_CONVERSION = YES_AGGRESSIVE;
				CLANG_CXX_LANGUAGE_STANDARD = "gnu++20";
				CLANG_ENABLE_MODULES = YES;
				CLANG_ENABLE_OBJC_ARC = YES;
				CLANG_ENABLE_OBJC_WEAK = YES;
				CLANG_WARN_BLOCK_CAPTURE_AUTORELEASING = YES;
				CLANG_WARN_BOOL_CONVERSION = YES;
				CLANG_WARN_COMMA = YES;
				CLANG_WARN_CONSTANT_CONVERSION = YES;
				CLANG_WARN_DEPRECATED_OBJC_IMPLEMENTATIONS = YES;
				CLANG_WARN_DIRECT_OBJC_ISA_USAGE = YES_ERROR;
				CLANG_WARN_DOCUMENTATION_COMMENTS = YES;
				CLANG_WARN_EMPTY_BODY = YES;
				CLANG_WARN_ENUM_CONVERSION = YES;
				CLANG_WARN_INFINITE_RECURSION = YES;
				CLANG_WARN_INT_CONVERSION = YES;
				CLANG_WARN_NON_LITERAL_NULL_CONVERSION = YES;
				CLANG_WARN_OBJC_IMPLICIT_RETAIN_SELF = YES;
				CLANG_WARN_OBJC_LITERAL_CONVERSION = YES;
				CLANG_WARN_OBJC_ROOT_CLASS = YES_ERROR;
				CLANG_WARN_QUOTED_INCLUDE_IN_FRAMEWORK_HEADER = YES;
				CLANG_WARN_RANGE_LOOP_ANALYSIS = YES;
				CLANG_WARN_STRICT_PROTOTYPES = YES;
				CLANG_WARN_SUSPICIOUS_MOVE = YES;
				CLANG_WARN_UNGUARDED_AVAILABILITY = YES_AGGRESSIVE;
				CLANG_WARN_UNREACHABLE_CODE = YES;
				CLANG_WARN__DUPLICATE_METHOD_MATCH = YES;
				COPY_PHASE_STRIP = NO;
				DEBUG_INFORMATION_FORMAT = "dwarf-with-dsym";
				DEVELOPMENT_TEAM = 2858MX5336;
				ENABLE_NS_ASSERTIONS = NO;
				ENABLE_STRICT_OBJC_MSGSEND = YES;
				ENABLE_USER_SCRIPT_SANDBOXING = YES;
				GCC_C_LANGUAGE_STANDARD = gnu17;
				GCC_NO_COMMON_BLOCKS = YES;
				GCC_WARN_64_TO_32_BIT_CONVERSION = YES;
				GCC_WARN_ABOUT_RETURN_TYPE = YES_ERROR;
				GCC_WARN_UNDECLARED_SELECTOR = YES;
				GCC_WARN_UNINITIALIZED_AUTOS = YES_AGGRESSIVE;
				GCC_WARN_UNUSED_FUNCTION = YES;
				GCC_WARN_UNUSED_VARIABLE = YES;
				LOCALIZATION_PREFERS_STRING_CATALOGS = YES;
				MTL_ENABLE_DEBUG_INFO = NO;
				MTL_FAST_MATH = YES;
				SWIFT_COMPILATION_MODE = wholemodule;
			};
			name = Release;
		};
/* End XCBuildConfiguration section */

/* Begin XCConfigurationList section */
		66EC8ABA2E15417C00C2C6E4 /* Build configuration list for PBXProject "holepunch-history-sync" */ = {
			isa = XCConfigurationList;
			buildConfigurations = (
				66EC8B352E15417E00C2C6E4 /* Debug */,
				66EC8B362E15417E00C2C6E4 /* Release */,
			);
			defaultConfigurationIsVisible = 0;
			defaultConfigurationName = Release;
		};
		66EC8B212E15417E00C2C6E4 /* Build configuration list for PBXNativeTarget "holepunch-history-sync Extension (iOS)" */ = {
			isa = XCConfigurationList;
			buildConfigurations = (
				66EC8B222E15417E00C2C6E4 /* Debug */,
				66EC8B232E15417E00C2C6E4 /* Release */,
			);
			defaultConfigurationIsVisible = 0;
			defaultConfigurationName = Release;
		};
		66EC8B262E15417E00C2C6E4 /* Build configuration list for PBXNativeTarget "holepunch-history-sync (iOS)" */ = {
			isa = XCConfigurationList;
			buildConfigurations = (
				66EC8B272E15417E00C2C6E4 /* Debug */,
				66EC8B282E15417E00C2C6E4 /* Release */,
			);
			defaultConfigurationIsVisible = 0;
			defaultConfigurationName = Release;
		};
		66EC8B2B2E15417E00C2C6E4 /* Build configuration list for PBXNativeTarget "holepunch-history-sync Extension (macOS)" */ = {
			isa = XCConfigurationList;
			buildConfigurations = (
				66EC8B2C2E15417E00C2C6E4 /* Debug */,
				66EC8B2D2E15417E00C2C6E4 /* Release */,
			);
			defaultConfigurationIsVisible = 0;
			defaultConfigurationName = Release;
		};
		66EC8B302E15417E00C2C6E4 /* Build configuration list for PBXNativeTarget "holepunch-history-sync (macOS)" */ = {
			isa = XCConfigurationList;
			buildConfigurations = (
				66EC8B312E15417E00C2C6E4 /* Debug */,
				66EC8B322E15417E00C2C6E4 /* Release */,
			);
			defaultConfigurationIsVisible = 0;
			defaultConfigurationName = Release;
		};
/* End XCConfigurationList section */
	};
	rootObject = 66EC8AB72E15417C00C2C6E4 /* Project object */;
}
